// !$*UTF8*$!
{
	archiveVersion = 1;
	classes = {
	};
	objectVersion = 46;
	objects = {

/* Begin PBXBuildFile section */
		FF1E05211FC97E4200FFA418 /* main.m in Sources */ = {isa = PBXBuildFile; fileRef = FF1E05201FC97E4200FFA418 /* main.m */; };
		FF1E05241FC97E4200FFA418 /* AppDelegate.m in Sources */ = {isa = PBXBuildFile; fileRef = FF1E05231FC97E4200FFA418 /* AppDelegate.m */; };
		FF1E05271FC97E4300FFA418 /* ViewController.m in Sources */ = {isa = PBXBuildFile; fileRef = FF1E05261FC97E4300FFA418 /* ViewController.m */; };
		FF1E052A1FC97E4300FFA418 /* Main.storyboard in Resources */ = {isa = PBXBuildFile; fileRef = FF1E05281FC97E4300FFA418 /* Main.storyboard */; };
		FF1E052C1FC97E4300FFA418 /* Assets.xcassets in Resources */ = {isa = PBXBuildFile; fileRef = FF1E052B1FC97E4300FFA418 /* Assets.xcassets */; };
		FF1E052F1FC97E4300FFA418 /* LaunchScreen.storyboard in Resources */ = {isa = PBXBuildFile; fileRef = FF1E052D1FC97E4300FFA418 /* LaunchScreen.storyboard */; };
		FF1E053A1FC97E4300FFA418 /* _____Tests.m in Sources */ = {isa = PBXBuildFile; fileRef = FF1E05391FC97E4300FFA418 /* _____Tests.m */; };
		FF1E05451FC97E4300FFA418 /* _____UITests.m in Sources */ = {isa = PBXBuildFile; fileRef = FF1E05441FC97E4300FFA418 /* _____UITests.m */; };
/* End PBXBuildFile section */

/* Begin PBXContainerItemProxy section */
		FF1E05361FC97E4300FFA418 /* PBXContainerItemProxy */ = {
			isa = PBXContainerItemProxy;
			containerPortal = FF1E05141FC97E4200FFA418 /* Project object */;
			proxyType = 1;
			remoteGlobalIDString = FF1E051B1FC97E4200FFA418;
			remoteInfo = "加法计算器";
		};
		FF1E05411FC97E4300FFA418 /* PBXContainerItemProxy */ = {
			isa = PBXContainerItemProxy;
			containerPortal = FF1E05141FC97E4200FFA418 /* Project object */;
			proxyType = 1;
			remoteGlobalIDString = FF1E051B1FC97E4200FFA418;
			remoteInfo = "加法计算器";
		};
/* End PBXContainerItemProxy section */

/* Begin PBXFileReference section */
		FF1E051C1FC97E4200FFA418 /* 加法计算器.app */ = {isa = PBXFileReference; explicitFileType = wrapper.application; includeInIndex = 0; path = "加法计算器.app"; sourceTree = BUILT_PRODUCTS_DIR; };
		FF1E05201FC97E4200FFA418 /* main.m */ = {isa = PBXFileReference; lastKnownFileType = sourcecode.c.objc; path = main.m; sourceTree = "<group>"; };
		FF1E05221FC97E4200FFA418 /* AppDelegate.h */ = {isa = PBXFileReference; lastKnownFileType = sourcecode.c.h; path = AppDelegate.h; sourceTree = "<group>"; };
		FF1E05231FC97E4200FFA418 /* AppDelegate.m */ = {isa = PBXFileReference; lastKnownFileType = sourcecode.c.objc; path = AppDelegate.m; sourceTree = "<group>"; };
		FF1E05251FC97E4200FFA418 /* ViewController.h */ = {isa = PBXFileReference; lastKnownFileType = sourcecode.c.h; path = ViewController.h; sourceTree = "<group>"; };
		FF1E05261FC97E4300FFA418 /* ViewController.m */ = {isa = PBXFileReference; lastKnownFileType = sourcecode.c.objc; path = ViewController.m; sourceTree = "<group>"; };
		FF1E05291FC97E4300FFA418 /* Base */ = {isa = PBXFileReference; lastKnownFileType = file.storyboard; name = Base; path = Base.lproj/Main.storyboard; sourceTree = "<group>"; };
		FF1E052B1FC97E4300FFA418 /* Assets.xcassets */ = {isa = PBXFileReference; lastKnownFileType = folder.assetcatalog; path = Assets.xcassets; sourceTree = "<group>"; };
		FF1E052E1FC97E4300FFA418 /* Base */ = {isa = PBXFileReference; lastKnownFileType = file.storyboard; name = Base; path = Base.lproj/LaunchScreen.storyboard; sourceTree = "<group>"; };
		FF1E05301FC97E4300FFA418 /* Info.plist */ = {isa = PBXFileReference; lastKnownFileType = text.plist.xml; path = Info.plist; sourceTree = "<group>"; };
		FF1E05351FC97E4300FFA418 /* 加法计算器Tests.xctest */ = {isa = PBXFileReference; explicitFileType = wrapper.cfbundle; includeInIndex = 0; path = "加法计算器Tests.xctest"; sourceTree = BUILT_PRODUCTS_DIR; };
		FF1E05391FC97E4300FFA418 /* _____Tests.m */ = {isa = PBXFileReference; lastKnownFileType = sourcecode.c.objc; path = "_____Tests.m"; sourceTree = "<group>"; };
		FF1E053B1FC97E4300FFA418 /* Info.plist */ = {isa = PBXFileReference; lastKnownFileType = text.plist.xml; path = Info.plist; sourceTree = "<group>"; };
		FF1E05401FC97E4300FFA418 /* 加法计算器UITests.xctest */ = {isa = PBXFileReference; explicitFileType = wrapper.cfbundle; includeInIndex = 0; path = "加法计算器UITests.xctest"; sourceTree = BUILT_PRODUCTS_DIR; };
		FF1E05441FC97E4300FFA418 /* _____UITests.m */ = {isa = PBXFileReference; lastKnownFileType = sourcecode.c.objc; path = "_____UITests.m"; sourceTree = "<group>"; };
		FF1E05461FC97E4300FFA418 /* Info.plist */ = {isa = PBXFileReference; lastKnownFileType = text.plist.xml; path = Info.plist; sourceTree = "<group>"; };
/* End PBXFileReference section */

/* Begin PBXFrameworksBuildPhase section */
		FF1E05191FC97E4200FFA418 /* Frameworks */ = {
			isa = PBXFrameworksBuildPhase;
			buildActionMask = 2147483647;
			files = (
			);
			runOnlyForDeploymentPostprocessing = 0;
		};
		FF1E05321FC97E4300FFA418 /* Frameworks */ = {
			isa = PBXFrameworksBuildPhase;
			buildActionMask = 2147483647;
			files = (
			);
			runOnlyForDeploymentPostprocessing = 0;
		};
		FF1E053D1FC97E4300FFA418 /* Frameworks */ = {
			isa = PBXFrameworksBuildPhase;
			buildActionMask = 2147483647;
			files = (
			);
			runOnlyForDeploymentPostprocessing = 0;
		};
/* End PBXFrameworksBuildPhase section */

/* Begin PBXGroup section */
		FF1E05131FC97E4200FFA418 = {
			isa = PBXGroup;
			children = (
				FF1E051E1FC97E4200FFA418 /* 加法计算器 */,
				FF1E05381FC97E4300FFA418 /* 加法计算器Tests */,
				FF1E05431FC97E4300FFA418 /* 加法计算器UITests */,
				FF1E051D1FC97E4200FFA418 /* Products */,
			);
			sourceTree = "<group>";
		};
		FF1E051D1FC97E4200FFA418 /* Products */ = {
			isa = PBXGroup;
			children = (
				FF1E051C1FC97E4200FFA418 /* 加法计算器.app */,
				FF1E05351FC97E4300FFA418 /* 加法计算器Tests.xctest */,
				FF1E05401FC97E4300FFA418 /* 加法计算器UITests.xctest */,
			);
			name = Products;
			sourceTree = "<group>";
		};
		FF1E051E1FC97E4200FFA418 /* 加法计算器 */ = {
			isa = PBXGroup;
			children = (
				FF1E05221FC97E4200FFA418 /* AppDelegate.h */,
				FF1E05231FC97E4200FFA418 /* AppDelegate.m */,
				FF1E05251FC97E4200FFA418 /* ViewController.h */,
				FF1E05261FC97E4300FFA418 /* ViewController.m */,
				FF1E05281FC97E4300FFA418 /* Main.storyboard */,
				FF1E052B1FC97E4300FFA418 /* Assets.xcassets */,
				FF1E052D1FC97E4300FFA418 /* LaunchScreen.storyboard */,
				FF1E05301FC97E4300FFA418 /* Info.plist */,
				FF1E051F1FC97E4200FFA418 /* Supporting Files */,
			);
			path = "加法计算器";
			sourceTree = "<group>";
		};
		FF1E051F1FC97E4200FFA418 /* Supporting Files */ = {
			isa = PBXGroup;
			children = (
				FF1E05201FC97E4200FFA418 /* main.m */,
			);
			name = "Supporting Files";
			sourceTree = "<group>";
		};
		FF1E05381FC97E4300FFA418 /* 加法计算器Tests */ = {
			isa = PBXGroup;
			children = (
				FF1E05391FC97E4300FFA418 /* _____Tests.m */,
				FF1E053B1FC97E4300FFA418 /* Info.plist */,
			);
			path = "加法计算器Tests";
			sourceTree = "<group>";
		};
		FF1E05431FC97E4300FFA418 /* 加法计算器UITests */ = {
			isa = PBXGroup;
			children = (
				FF1E05441FC97E4300FFA418 /* _____UITests.m */,
				FF1E05461FC97E4300FFA418 /* Info.plist */,
			);
			path = "加法计算器UITests";
			sourceTree = "<group>";
		};
/* End PBXGroup section */

/* Begin PBXNativeTarget section */
		FF1E051B1FC97E4200FFA418 /* 加法计算器 */ = {
			isa = PBXNativeTarget;
			buildConfigurationList = FF1E05491FC97E4300FFA418 /* Build configuration list for PBXNativeTarget "加法计算器" */;
			buildPhases = (
				FF1E05181FC97E4200FFA418 /* Sources */,
				FF1E05191FC97E4200FFA418 /* Frameworks */,
				FF1E051A1FC97E4200FFA418 /* Resources */,
			);
			buildRules = (
			);
			dependencies = (
			);
			name = "加法计算器";
			productName = "加法计算器";
			productReference = FF1E051C1FC97E4200FFA418 /* 加法计算器.app */;
			productType = "com.apple.product-type.application";
		};
		FF1E05341FC97E4300FFA418 /* 加法计算器Tests */ = {
			isa = PBXNativeTarget;
			buildConfigurationList = FF1E054C1FC97E4300FFA418 /* Build configuration list for PBXNativeTarget "加法计算器Tests" */;
			buildPhases = (
				FF1E05311FC97E4300FFA418 /* Sources */,
				FF1E05321FC97E4300FFA418 /* Frameworks */,
				FF1E05331FC97E4300FFA418 /* Resources */,
			);
			buildRules = (
			);
			dependencies = (
				FF1E05371FC97E4300FFA418 /* PBXTargetDependency */,
			);
			name = "加法计算器Tests";
			productName = "加法计算器Tests";
			productReference = FF1E05351FC97E4300FFA418 /* 加法计算器Tests.xctest */;
			productType = "com.apple.product-type.bundle.unit-test";
		};
		FF1E053F1FC97E4300FFA418 /* 加法计算器UITests */ = {
			isa = PBXNativeTarget;
			buildConfigurationList = FF1E054F1FC97E4300FFA418 /* Build configuration list for PBXNativeTarget "加法计算器UITests" */;
			buildPhases = (
				FF1E053C1FC97E4300FFA418 /* Sources */,
				FF1E053D1FC97E4300FFA418 /* Frameworks */,
				FF1E053E1FC97E4300FFA418 /* Resources */,
			);
			buildRules = (
			);
			dependencies = (
				FF1E05421FC97E4300FFA418 /* PBXTargetDependency */,
			);
			name = "加法计算器UITests";
			productName = "加法计算器UITests";
			productReference = FF1E05401FC97E4300FFA418 /* 加法计算器UITests.xctest */;
			productType = "com.apple.product-type.bundle.ui-testing";
		};
/* End PBXNativeTarget section */

/* Begin PBXProject section */
		FF1E05141FC97E4200FFA418 /* Project object */ = {
			isa = PBXProject;
			attributes = {
				LastUpgradeCheck = 0830;
				ORGANIZATIONNAME = "梁世伟";
				TargetAttributes = {
					FF1E051B1FC97E4200FFA418 = {
						CreatedOnToolsVersion = 8.3.2;
						DevelopmentTeam = DXRRQXV939;
						ProvisioningStyle = Automatic;
					};
					FF1E05341FC97E4300FFA418 = {
						CreatedOnToolsVersion = 8.3.2;
						DevelopmentTeam = DXRRQXV939;
						ProvisioningStyle = Automatic;
						TestTargetID = FF1E051B1FC97E4200FFA418;
					};
					FF1E053F1FC97E4300FFA418 = {
						CreatedOnToolsVersion = 8.3.2;
						DevelopmentTeam = DXRRQXV939;
						ProvisioningStyle = Automatic;
						TestTargetID = FF1E051B1FC97E4200FFA418;
					};
				};
			};
			buildConfigurationList = FF1E05171FC97E4200FFA418 /* Build configuration list for PBXProject "加法计算器" */;
			compatibilityVersion = "Xcode 3.2";
			developmentRegion = English;
			hasScannedForEncodings = 0;
			knownRegions = (
				en,
				Base,
			);
			mainGroup = FF1E05131FC97E4200FFA418;
			productRefGroup = FF1E051D1FC97E4200FFA418 /* Products */;
			projectDirPath = "";
			projectRoot = "";
			targets = (
				FF1E051B1FC97E4200FFA418 /* 加法计算器 */,
				FF1E05341FC97E4300FFA418 /* 加法计算器Tests */,
				FF1E053F1FC97E4300FFA418 /* 加法计算器UITests */,
			);
		};
/* End PBXProject section */

/* Begin PBXResourcesBuildPhase section */
		FF1E051A1FC97E4200FFA418 /* Resources */ = {
			isa = PBXResourcesBuildPhase;
			buildActionMask = 2147483647;
			files = (
				FF1E052F1FC97E4300FFA418 /* LaunchScreen.storyboard in Resources */,
				FF1E052C1FC97E4300FFA418 /* Assets.xcassets in Resources */,
				FF1E052A1FC97E4300FFA418 /* Main.storyboard in Resources */,
			);
			runOnlyForDeploymentPostprocessing = 0;
		};
		FF1E05331FC97E4300FFA418 /* Resources */ = {
			isa = PBXResourcesBuildPhase;
			buildActionMask = 2147483647;
			files = (
			);
			runOnlyForDeploymentPostprocessing = 0;
		};
		FF1E053E1FC97E4300FFA418 /* Resources */ = {
			isa = PBXResourcesBuildPhase;
			buildActionMask = 2147483647;
			files = (
			);
			runOnlyForDeploymentPostprocessing = 0;
		};
/* End PBXResourcesBuildPhase section */

/* Begin PBXSourcesBuildPhase section */
		FF1E05181FC97E4200FFA418 /* Sources */ = {
			isa = PBXSourcesBuildPhase;
			buildActionMask = 2147483647;
			files = (
				FF1E05271FC97E4300FFA418 /* ViewController.m in Sources */,
				FF1E05241FC97E4200FFA418 /* AppDelegate.m in Sources */,
				FF1E05211FC97E4200FFA418 /* main.m in Sources */,
			);
			runOnlyForDeploymentPostprocessing = 0;
		};
		FF1E05311FC97E4300FFA418 /* Sources */ = {
			isa = PBXSourcesBuildPhase;
			buildActionMask = 2147483647;
			files = (
				FF1E053A1FC97E4300FFA418 /* _____Tests.m in Sources */,
			);
			runOnlyForDeploymentPostprocessing = 0;
		};
		FF1E053C1FC97E4300FFA418 /* Sources */ = {
			isa = PBXSourcesBuildPhase;
			buildActionMask = 2147483647;
			files = (
				FF1E05451FC97E4300FFA418 /* _____UITests.m in Sources */,
			);
			runOnlyForDeploymentPostprocessing = 0;
		};
/* End PBXSourcesBuildPhase section */

/* Begin PBXTargetDependency section */
		FF1E05371FC97E4300FFA418 /* PBXTargetDependency */ = {
			isa = PBXTargetDependency;
			target = FF1E051B1FC97E4200FFA418 /* 加法计算器 */;
			targetProxy = FF1E05361FC97E4300FFA418 /* PBXContainerItemProxy */;
		};
		FF1E05421FC97E4300FFA418 /* PBXTargetDependency */ = {
			isa = PBXTargetDependency;
			target = FF1E051B1FC97E4200FFA418 /* 加法计算器 */;
			targetProxy = FF1E05411FC97E4300FFA418 /* PBXContainerItemProxy */;
		};
/* End PBXTargetDependency section */

/* Begin PBXVariantGroup section */
		FF1E05281FC97E4300FFA418 /* Main.storyboard */ = {
			isa = PBXVariantGroup;
			children = (
				FF1E05291FC97E4300FFA418 /* Base */,
			);
			name = Main.storyboard;
			sourceTree = "<group>";
		};
		FF1E052D1FC97E4300FFA418 /* LaunchScreen.storyboard */ = {
			isa = PBXVariantGroup;
			children = (
				FF1E052E1FC97E4300FFA418 /* Base */,
			);
			name = LaunchScreen.storyboard;
			sourceTree = "<group>";
		};
/* End PBXVariantGroup section */

/* Begin XCBuildConfiguration section */
		FF1E05471FC97E4300FFA418 /* Debug */ = {
			isa = XCBuildConfiguration;
			buildSettings = {
				ALWAYS_SEARCH_USER_PATHS = NO;
				CLANG_ANALYZER_NONNULL = YES;
				CLANG_ANALYZER_NUMBER_OBJECT_CONVERSION = YES_AGGRESSIVE;
				CLANG_CXX_LANGUAGE_STANDARD = "gnu++0x";
				CLANG_CXX_LIBRARY = "libc++";
				CLANG_ENABLE_MODULES = YES;
				CLANG_ENABLE_OBJC_ARC = YES;
				CLANG_WARN_BOOL_CONVERSION = YES;
				CLANG_WARN_CONSTANT_CONVERSION = YES;
				CLANG_WARN_DIRECT_OBJC_ISA_USAGE = YES_ERROR;
				CLANG_WARN_DOCUMENTATION_COMMENTS = YES;
				CLANG_WARN_EMPTY_BODY = YES;
				CLANG_WARN_ENUM_CONVERSION = YES;
				CLANG_WARN_INFINITE_RECURSION = YES;
				CLANG_WARN_INT_CONVERSION = YES;
				CLANG_WARN_OBJC_ROOT_CLASS = YES_ERROR;
				CLANG_WARN_SUSPICIOUS_MOVE = YES;
				CLANG_WARN_UNREACHABLE_CODE = YES;
				CLANG_WARN__DUPLICATE_METHOD_MATCH = YES;
				"CODE_SIGN_IDENTITY[sdk=iphoneos*]" = "iPhone Developer";
				COPY_PHASE_STRIP = NO;
				DEBUG_INFORMATION_FORMAT = dwarf;
				ENABLE_STRICT_OBJC_MSGSEND = YES;
				ENABLE_TESTABILITY = YES;
				GCC_C_LANGUAGE_STANDARD = gnu99;
				GCC_DYNAMIC_NO_PIC = NO;
				GCC_NO_COMMON_BLOCKS = YES;
				GCC_OPTIMIZATION_LEVEL = 0;
				GCC_PREPROCESSOR_DEFINITIONS = (
					"DEBUG=1",
					"$(inherited)",
				);
				GCC_WARN_64_TO_32_BIT_CONVERSION = YES;
				GCC_WARN_ABOUT_RETURN_TYPE = YES_ERROR;
				GCC_WARN_UNDECLARED_SELECTOR = YES;
				GCC_WARN_UNINITIALIZED_AUTOS = YES_AGGRESSIVE;
				GCC_WARN_UNUSED_FUNCTION = YES;
				GCC_WARN_UNUSED_VARIABLE = YES;
				IPHONEOS_DEPLOYMENT_TARGET = 10.3;
				MTL_ENABLE_DEBUG_INFO = YES;
				ONLY_ACTIVE_ARCH = YES;
				SDKROOT = iphoneos;
			};
			name = Debug;
		};
		FF1E05481FC97E4300FFA418 /* Release */ = {
			isa = XCBuildConfiguration;
			buildSettings = {
				ALWAYS_SEARCH_USER_PATHS = NO;
				CLANG_ANALYZER_NONNULL = YES;
				CLANG_ANALYZER_NUMBER_OBJECT_CONVERSION = YES_AGGRESSIVE;
				CLANG_CXX_LANGUAGE_STANDARD = "gnu++0x";
				CLANG_CXX_LIBRARY = "libc++";
				CLANG_ENABLE_MODULES = YES;
				CLANG_ENABLE_OBJC_ARC = YES;
				CLANG_WARN_BOOL_CONVERSION = YES;
				CLANG_WARN_CONSTANT_CONVERSION = YES;
				CLANG_WARN_DIRECT_OBJC_ISA_USAGE = YES_ERROR;
				CLANG_WARN_DOCUMENTATION_COMMENTS = YES;
				CLANG_WARN_EMPTY_BODY = YES;
				CLANG_WARN_ENUM_CONVERSION = YES;
				CLANG_WARN_INFINITE_RECURSION = YES;
				CLANG_WARN_INT_CONVERSION = YES;
				CLANG_WARN_OBJC_ROOT_CLASS = YES_ERROR;
				CLANG_WARN_SUSPICIOUS_MOVE = YES;
				CLANG_WARN_UNREACHABLE_CODE = YES;
				CLANG_WARN__DUPLICATE_METHOD_MATCH = YES;
				"CODE_SIGN_IDENTITY[sdk=iphoneos*]" = "iPhone Developer";
				COPY_PHASE_STRIP = NO;
				DEBUG_INFORMATION_FORMAT = "dwarf-with-dsym";
				ENABLE_NS_ASSERTIONS = NO;
				ENABLE_STRICT_OBJC_MSGSEND = YES;
				GCC_C_LANGUAGE_STANDARD = gnu99;
				GCC_NO_COMMON_BLOCKS = YES;
				GCC_WARN_64_TO_32_BIT_CONVERSION = YES;
				GCC_WARN_ABOUT_RETURN_TYPE = YES_ERROR;
				GCC_WARN_UNDECLARED_SELECTOR = YES;
				GCC_WARN_UNINITIALIZED_AUTOS = YES_AGGRESSIVE;
				GCC_WARN_UNUSED_FUNCTION = YES;
				GCC_WARN_UNUSED_VARIABLE = YES;
				IPHONEOS_DEPLOYMENT_TARGET = 10.3;
				MTL_ENABLE_DEBUG_INFO = NO;
				SDKROOT = iphoneos;
				VALIDATE_PRODUCT = YES;
			};
			name = Release;
		};
		FF1E054A1FC97E4300FFA418 /* Debug */ = {
			isa = XCBuildConfiguration;
			buildSettings = {
				ASSETCATALOG_COMPILER_APPICON_NAME = AppIcon;
				DEVELOPMENT_TEAM = DXRRQXV939;
				INFOPLIST_FILE = "加法计算器/Info.plist";
				LD_RUNPATH_SEARCH_PATHS = "$(inherited) @executable_path/Frameworks";
				PRODUCT_BUNDLE_IDENTIFIER = "-20it.com.-----";
				PRODUCT_NAME = "$(TARGET_NAME)";
			};
			name = Debug;
		};
		FF1E054B1FC97E4300FFA418 /* Release */ = {
			isa = XCBuildConfiguration;
			buildSettings = {
				ASSETCATALOG_COMPILER_APPICON_NAME = AppIcon;
				DEVELOPMENT_TEAM = DXRRQXV939;
				INFOPLIST_FILE = "加法计算器/Info.plist";
				LD_RUNPATH_SEARCH_PATHS = "$(inherited) @executable_path/Frameworks";
				PRODUCT_BUNDLE_IDENTIFIER = "-20it.com.-----";
				PRODUCT_NAME = "$(TARGET_NAME)";
			};
			name = Release;
		};
		FF1E054D1FC97E4300FFA418 /* Debug */ = {
			isa = XCBuildConfiguration;
			buildSettings = {
				BUNDLE_LOADER = "$(TEST_HOST)";
				DEVELOPMENT_TEAM = DXRRQXV939;
				INFOPLIST_FILE = "加法计算器Tests/Info.plist";
				LD_RUNPATH_SEARCH_PATHS = "$(inherited) @executable_path/Frameworks @loader_path/Frameworks";
				PRODUCT_BUNDLE_IDENTIFIER = "-20it.com.-----Tests";
				PRODUCT_NAME = "$(TARGET_NAME)";
				TEST_HOST = "$(BUILT_PRODUCTS_DIR)/加法计算器.app/加法计算器";
			};
			name = Debug;
		};
		FF1E054E1FC97E4300FFA418 /* Release */ = {
			isa = XCBuildConfiguration;
			buildSettings = {
				BUNDLE_LOADER = "$(TEST_HOST)";
				DEVELOPMENT_TEAM = DXRRQXV939;
				INFOPLIST_FILE = "加法计算器Tests/Info.plist";
				LD_RUNPATH_SEARCH_PATHS = "$(inherited) @executable_path/Frameworks @loader_path/Frameworks";
				PRODUCT_BUNDLE_IDENTIFIER = "-20it.com.-----Tests";
				PRODUCT_NAME = "$(TARGET_NAME)";
				TEST_HOST = "$(BUILT_PRODUCTS_DIR)/加法计算器.app/加法计算器";
			};
			name = Release;
		};
		FF1E05501FC97E4300FFA418 /* Debug */ = {
			isa = XCBuildConfiguration;
			buildSettings = {
				DEVELOPMENT_TEAM = DXRRQXV939;
				INFOPLIST_FILE = "加法计算器UITests/Info.plist";
				LD_RUNPATH_SEARCH_PATHS = "$(inherited) @executable_path/Frameworks @loader_path/Frameworks";
				PRODUCT_BUNDLE_IDENTIFIER = "-20it.com.-----UITests";
				PRODUCT_NAME = "$(TARGET_NAME)";
				TEST_TARGET_NAME = "加法计算器";
			};
			name = Debug;
		};
		FF1E05511FC97E4300FFA418 /* Release */ = {
			isa = XCBuildConfiguration;
			buildSettings = {
				DEVELOPMENT_TEAM = DXRRQXV939;
				INFOPLIST_FILE = "加法计算器UITests/Info.plist";
				LD_RUNPATH_SEARCH_PATHS = "$(inherited) @executable_path/Frameworks @loader_path/Frameworks";
				PRODUCT_BUNDLE_IDENTIFIER = "-20it.com.-----UITests";
				PRODUCT_NAME = "$(TARGET_NAME)";
				TEST_TARGET_NAME = "加法计算器";
			};
			name = Release;
		};
/* End XCBuildConfiguration section */

/* Begin XCConfigurationList section */
		FF1E05171FC97E4200FFA418 /* Build configuration list for PBXProject "加法计算器" */ = {
			isa = XCConfigurationList;
			buildConfigurations = (
				FF1E05471FC97E4300FFA418 /* Debug */,
				FF1E05481FC97E4300FFA418 /* Release */,
			);
			defaultConfigurationIsVisible = 0;
			defaultConfigurationName = Release;
		};
		FF1E05491FC97E4300FFA418 /* Build configuration list for PBXNativeTarget "加法计算器" */ = {
			isa = XCConfigurationList;
			buildConfigurations = (
				FF1E054A1FC97E4300FFA418 /* Debug */,
				FF1E054B1FC97E4300FFA418 /* Release */,
			);
			defaultConfigurationIsVisible = 0;
		};
		FF1E054C1FC97E4300FFA418 /* Build configuration list for PBXNativeTarget "加法计算器Tests" */ = {
			isa = XCConfigurationList;
			buildConfigurations = (
				FF1E054D1FC97E4300FFA418 /* Debug */,
				FF1E054E1FC97E4300FFA418 /* Release */,
			);
			defaultConfigurationIsVisible = 0;
		};
		FF1E054F1FC97E4300FFA418 /* Build configuration list for PBXNativeTarget "加法计算器UITests" */ = {
			isa = XCConfigurationList;
			buildConfigurations = (
				FF1E05501FC97E4300FFA418 /* Debug */,
				FF1E05511FC97E4300FFA418 /* Release */,
			);
			defaultConfigurationIsVisible = 0;
		};
/* End XCConfigurationList section */
	};
	rootObject = FF1E05141FC97E4200FFA418 /* Project object */;
}
